
Microsoft Visual Studio Solution File, Format Version 12.00
# Visual Studio 2012
Project("{8BC9CEB8-8B4A-11D0-8D11-00A0C91BC942}") = "Assignment 5 Sorting Lab", "Assignment 5 Sorting Lab\Assignment 5 Sorting Lab.vcxproj", "{290362DA-6ADC-4AF9-8261-47C792BC96C5}"
EndProject
Global
	GlobalSection(SolutionConfigurationPlatforms) = preSolution
		Debug|Win32 = Debug|Win32
		Release|Win32 = Release|Win32
	EndGlobalSection
	GlobalSection(ProjectConfigurationPlatforms) = postSolution
		{290362DA-6ADC-4AF9-8261-47C792BC96C5}.Debug|Win32.ActiveCfg = Debug|Win32
		{290362DA-6ADC-4AF9-8261-47C792BC96C5}.Debug|Win32.Build.0 = Debug|Win32
		{290362DA-6ADC-4AF9-8261-47C792BC96C5}.Release|Win32.ActiveCfg = Release|Win32
		{290362DA-6ADC-4AF9-8261-47C792BC96C5}.Release|Win32.Build.0 = Release|Win32
	EndGlobalSection
	GlobalSection(SolutionProperties) = preSolution
		HideSolutionNode = FALSE
	EndGlobalSection
EndGlobal
