
Microsoft Visual Studio Solution File, Format Version 9.00
# Visual Studio 2005
Project("{8BC9CEB8-8B4A-11D0-8D11-00A0C91BC942}") = "Assignment1", "Assignment1\Assignment1.vcproj", "{7423513C-5F28-44DB-A520-F9A59EC8D3E0}"
EndProject
Global
	GlobalSection(SolutionConfigurationPlatforms) = preSolution
		Debug|Win32 = Debug|Win32
		Release|Win32 = Release|Win32
	EndGlobalSection
	GlobalSection(ProjectConfigurationPlatforms) = postSolution
		{7423513C-5F28-44DB-A520-F9A59EC8D3E0}.Debug|Win32.ActiveCfg = Debug|Win32
		{7423513C-5F28-44DB-A520-F9A59EC8D3E0}.Debug|Win32.Build.0 = Debug|Win32
		{7423513C-5F28-44DB-A520-F9A59EC8D3E0}.Release|Win32.ActiveCfg = Release|Win32
		{7423513C-5F28-44DB-A520-F9A59EC8D3E0}.Release|Win32.Build.0 = Release|Win32
	EndGlobalSection
	GlobalSection(SolutionProperties) = preSolution
		HideSolutionNode = FALSE
	EndGlobalSection
EndGlobal
